{
  "name": "Viblo",
  "version": "0.0.1",
  "lockfileVersion": 1,
  "requires": true,
  "dependencies": {
    "lodash": {
      "version": "3.10.1",
      "resolved": "https://registry.npmjs.org/lodash/-/lodash-3.10.1.tgz",
      "integrity": "sha1-W/Rejkm6QYnhfUgnid/RW9FAt7Y="
    },
    "react-native-easy-markdown": {
      "version": "1.1.9",
      "resolved": "https://registry.npmjs.org/react-native-easy-markdown/-/react-native-easy-markdown-1.1.9.tgz",
      "integrity": "sha512-Vfor8SuPPrauEaGlJco6717cYGqViXTbkomIoDDxyL/LNaxR5IpKXNZKWxmBeFG5qcDcPSsDf3MhrhlkCW9ttQ==",
      "requires": {
        "simple-markdown": "0.1.2"
      }
    },
    "react-native-markdown": {
      "version": "0.1.1",
      "resolved": "https://registry.npmjs.org/react-native-markdown/-/react-native-markdown-0.1.1.tgz",
      "integrity": "sha1-rGdrjbNDJ1NC+gmRY5k2DIrgbIg=",
      "requires": {
        "lodash": "3.10.1",
        "simple-markdown": "git://github.com/lwansbrough/simple-markdown.git#62efb54d923cae20684a58e87ab159b21edda3b1"
      },
      "dependencies": {
        "simple-markdown": {
          "version": "git://github.com/lwansbrough/simple-markdown.git#62efb54d923cae20684a58e87ab159b21edda3b1"
        }
      }
    },
    "simple-markdown": {
      "version": "0.1.2",
      "resolved": "https://registry.npmjs.org/simple-markdown/-/simple-markdown-0.1.2.tgz",
      "integrity": "sha1-PBUQ/kC9nqBncXuKUzyc82MltBM="
    }
  }
}
